
Microsoft Visual Studio Solution File, Format Version 12.00
# Visual Studio Version 17
VisualStudioVersion = 17.11.35303.130
MinimumVisualStudioVersion = 10.0.40219.1
Project("{FAE04EC0-301F-11D3-BF4B-00C04F79EFBC}") = "FP", "FP.csproj", "{AFB8D380-9112-4346-8A83-D45AD82CBA90}"
EndProject
Global
	GlobalSection(SolutionConfigurationPlatforms) = preSolution
		Debug|Any CPU = Debug|Any CPU
		Release|Any CPU = Release|Any CPU
	EndGlobalSection
	GlobalSection(ProjectConfigurationPlatforms) = postSolution
		{AFB8D380-9112-4346-8A83-D45AD82CBA90}.Debug|Any CPU.ActiveCfg = Debug|Any CPU
		{AFB8D380-9112-4346-8A83-D45AD82CBA90}.Debug|Any CPU.Build.0 = Debug|Any CPU
		{AFB8D380-9112-4346-8A83-D45AD82CBA90}.Release|Any CPU.ActiveCfg = Release|Any CPU
		{AFB8D380-9112-4346-8A83-D45AD82CBA90}.Release|Any CPU.Build.0 = Release|Any CPU
	EndGlobalSection
	GlobalSection(SolutionProperties) = preSolution
		HideSolutionNode = FALSE
	EndGlobalSection
	GlobalSection(ExtensibilityGlobals) = postSolution
		SolutionGuid = {070BCEDF-DE22-4144-8641-BFAC4CF0BFCC}
	EndGlobalSection
EndGlobal
